
Microsoft Visual Studio Solution File, Format Version 12.00
# Visual Studio Version 17
VisualStudioVersion = 17.11.35208.52
MinimumVisualStudioVersion = 10.0.40219.1
Project("{FAE04EC0-301F-11D3-BF4B-00C04F79EFBC}") = "RedMango_API", "RedMango_API\RedMango_API.csproj", "{8D088CE3-06E4-49BA-900E-60A497D115AB}"
EndProject
Global
	GlobalSection(SolutionConfigurationPlatforms) = preSolution
		Debug|Any CPU = Debug|Any CPU
		Release|Any CPU = Release|Any CPU
	EndGlobalSection
	GlobalSection(ProjectConfigurationPlatforms) = postSolution
		{8D088CE3-06E4-49BA-900E-60A497D115AB}.Debug|Any CPU.ActiveCfg = Debug|Any CPU
		{8D088CE3-06E4-49BA-900E-60A497D115AB}.Debug|Any CPU.Build.0 = Debug|Any CPU
		{8D088CE3-06E4-49BA-900E-60A497D115AB}.Release|Any CPU.ActiveCfg = Release|Any CPU
		{8D088CE3-06E4-49BA-900E-60A497D115AB}.Release|Any CPU.Build.0 = Release|Any CPU
	EndGlobalSection
	GlobalSection(SolutionProperties) = preSolution
		HideSolutionNode = FALSE
	EndGlobalSection
	GlobalSection(ExtensibilityGlobals) = postSolution
		SolutionGuid = {9A8A53E5-9CD7-49C0-988F-82B13A781807}
	EndGlobalSection
EndGlobal
